
Microsoft Visual Studio Solution File, Format Version 12.00
# Visual Studio Version 16
VisualStudioVersion = 16.0.32106.194
MinimumVisualStudioVersion = 10.0.40219.1
Project("{FAE04EC0-301F-11D3-BF4B-00C04F79EFBC}") = "LibManager", "LibManager\LibManager.csproj", "{F2149A9C-8EA9-4E65-B6A9-4DCD2C7919B7}"
EndProject
Global
	GlobalSection(SolutionConfigurationPlatforms) = preSolution
		Debug|Any CPU = Debug|Any CPU
		Release|Any CPU = Release|Any CPU
	EndGlobalSection
	GlobalSection(ProjectConfigurationPlatforms) = postSolution
		{F2149A9C-8EA9-4E65-B6A9-4DCD2C7919B7}.Debug|Any CPU.ActiveCfg = Debug|Any CPU
		{F2149A9C-8EA9-4E65-B6A9-4DCD2C7919B7}.Debug|Any CPU.Build.0 = Debug|Any CPU
		{F2149A9C-8EA9-4E65-B6A9-4DCD2C7919B7}.Release|Any CPU.ActiveCfg = Release|Any CPU
		{F2149A9C-8EA9-4E65-B6A9-4DCD2C7919B7}.Release|Any CPU.Build.0 = Release|Any CPU
	EndGlobalSection
	GlobalSection(SolutionProperties) = preSolution
		HideSolutionNode = FALSE
	EndGlobalSection
	GlobalSection(ExtensibilityGlobals) = postSolution
		SolutionGuid = {8AF71B64-B4A1-4DE6-9EAC-CDBBDAA57C20}
	EndGlobalSection
EndGlobal
